
Microsoft Visual Studio Solution File, Format Version 11.00
# Visual Studio 2010
Project("{E24C65DC-7377-472B-9ABA-BC803B73C61A}") = "MPSeminarskaFinal", "..\..\WebSites\MPSeminarskaFinal\", "{445865B7-20D9-447E-B7B7-3CDD95C581A9}"
	ProjectSection(WebsiteProperties) = preProject
		SccProjectName = "Svn"
		SccAuxPath = "Svn"
		SccLocalPath = "Svn"
		SccProvider = "SubversionScc"
		TargetFrameworkMoniker = ".NETFramework,Version%3Dv4.0"
		Debug.AspNetCompiler.VirtualPath = "/MPSeminarskaFinal"
		Debug.AspNetCompiler.PhysicalPath = "..\..\WebSites\MPSeminarskaFinal\"
		Debug.AspNetCompiler.TargetPath = "PrecompiledWeb\MPSeminarskaFinal\"
		Debug.AspNetCompiler.Updateable = "true"
		Debug.AspNetCompiler.ForceOverwrite = "true"
		Debug.AspNetCompiler.FixedNames = "false"
		Debug.AspNetCompiler.Debug = "True"
		Release.AspNetCompiler.VirtualPath = "/MPSeminarskaFinal"
		Release.AspNetCompiler.PhysicalPath = "..\..\WebSites\MPSeminarskaFinal\"
		Release.AspNetCompiler.TargetPath = "PrecompiledWeb\MPSeminarskaFinal\"
		Release.AspNetCompiler.Updateable = "true"
		Release.AspNetCompiler.ForceOverwrite = "true"
		Release.AspNetCompiler.FixedNames = "false"
		Release.AspNetCompiler.Debug = "False"
		VWDPort = "58777"
		DefaultWebSiteLanguage = "Visual C#"
	EndProjectSection
EndProject
Global
	GlobalSection(SubversionScc) = preSolution
		Svn-Managed = True
		Manager = AnkhSVN - Subversion Support for Visual Studio
	EndGlobalSection
	GlobalSection(SolutionConfigurationPlatforms) = preSolution
		Debug|Any CPU = Debug|Any CPU
	EndGlobalSection
	GlobalSection(ProjectConfigurationPlatforms) = postSolution
		{445865B7-20D9-447E-B7B7-3CDD95C581A9}.Debug|Any CPU.ActiveCfg = Debug|Any CPU
		{445865B7-20D9-447E-B7B7-3CDD95C581A9}.Debug|Any CPU.Build.0 = Debug|Any CPU
	EndGlobalSection
	GlobalSection(SolutionProperties) = preSolution
		HideSolutionNode = FALSE
	EndGlobalSection
EndGlobal
